
Microsoft Visual Studio Solution File, Format Version 12.00
# Visual Studio Version 17
VisualStudioVersion = 17.7.34221.43
MinimumVisualStudioVersion = 10.0.40219.1
Project("{FAE04EC0-301F-11D3-BF4B-00C04F79EFBC}") = "SuperHeros23App", "SuperHeros23App\SuperHeros23App.csproj", "{DB37FE33-2BD6-4633-A1BC-2DFD0A756D2D}"
EndProject
Global
	GlobalSection(SolutionConfigurationPlatforms) = preSolution
		Debug|Any CPU = Debug|Any CPU
		Release|Any CPU = Release|Any CPU
	EndGlobalSection
	GlobalSection(ProjectConfigurationPlatforms) = postSolution
		{DB37FE33-2BD6-4633-A1BC-2DFD0A756D2D}.Debug|Any CPU.ActiveCfg = Debug|Any CPU
		{DB37FE33-2BD6-4633-A1BC-2DFD0A756D2D}.Debug|Any CPU.Build.0 = Debug|Any CPU
		{DB37FE33-2BD6-4633-A1BC-2DFD0A756D2D}.Release|Any CPU.ActiveCfg = Release|Any CPU
		{DB37FE33-2BD6-4633-A1BC-2DFD0A756D2D}.Release|Any CPU.Build.0 = Release|Any CPU
	EndGlobalSection
	GlobalSection(SolutionProperties) = preSolution
		HideSolutionNode = FALSE
	EndGlobalSection
	GlobalSection(ExtensibilityGlobals) = postSolution
		SolutionGuid = {35F10A2D-31F7-4E64-8DD4-11DEBC3F6D5A}
	EndGlobalSection
EndGlobal
